
Microsoft Visual Studio Solution File, Format Version 12.00
# Visual Studio Version 17
VisualStudioVersion = 17.14.36203.30 d17.14
MinimumVisualStudioVersion = 10.0.40219.1
Project("{FAE04EC0-301F-11D3-BF4B-00C04F79EFBC}") = "Site View v2", "Site View v2.csproj", "{5C2A1752-6DF0-4CB5-B085-F28A536A4DCF}"
EndProject
Global
	GlobalSection(SolutionConfigurationPlatforms) = preSolution
		Debug|Any CPU = Debug|Any CPU
		Release|Any CPU = Release|Any CPU
	EndGlobalSection
	GlobalSection(ProjectConfigurationPlatforms) = postSolution
		{5C2A1752-6DF0-4CB5-B085-F28A536A4DCF}.Debug|Any CPU.ActiveCfg = Debug|Any CPU
		{5C2A1752-6DF0-4CB5-B085-F28A536A4DCF}.Debug|Any CPU.Build.0 = Debug|Any CPU
		{5C2A1752-6DF0-4CB5-B085-F28A536A4DCF}.Release|Any CPU.ActiveCfg = Release|Any CPU
		{5C2A1752-6DF0-4CB5-B085-F28A536A4DCF}.Release|Any CPU.Build.0 = Release|Any CPU
	EndGlobalSection
	GlobalSection(SolutionProperties) = preSolution
		HideSolutionNode = FALSE
	EndGlobalSection
	GlobalSection(ExtensibilityGlobals) = postSolution
		SolutionGuid = {BEBDD241-9C7B-454F-A863-653FCDE96CE7}
	EndGlobalSection
EndGlobal
